{
  "name": "QUIZ",
  "lockfileVersion": 3,
  "requires": true,
  "packages": {
    "": {
      "dependencies": {
        "sound": "^3.1.0",
        "use": "^3.1.1"
      }
    },
    "node_modules/isemail": {
      "version": "3.2.0",
      "resolved": "https://registry.npmjs.org/isemail/-/isemail-3.2.0.tgz",
      "integrity": "sha512-zKqkK+O+dGqevc93KNsbZ/TqTUFd46MwWjYOoMrjIMZ51eU7DtQG3Wmd9SQQT7i7RVnuTPEiYEWHU3MSbxC1Tg==",
      "dependencies": {
        "punycode": "2.x.x"
      },
      "engines": {
        "node": ">=4.0.0"
      }
    },
    "node_modules/lodash": {
      "version": "4.17.21",
      "resolved": "https://registry.npmjs.org/lodash/-/lodash-4.17.21.tgz",
      "integrity": "sha512-v2kDEe57lecTulaDIuNTPy3Ry4gLGJ6Z1O3vE1krgXZNrsQ+LFTGHVxVjcXPs17LhbZVGedAJv8XZ1tvj5FvSg=="
    },
    "node_modules/punycode": {
      "version": "2.3.0",
      "resolved": "https://registry.npmjs.org/punycode/-/punycode-2.3.0.tgz",
      "integrity": "sha512-rRV+zQD8tVFys26lAGR9WUuS4iUAngJScM+ZRSKtvl5tKeZ2t5bvdNFdNHBW9FWR4guGHlgmsZ1G7BSm2wTbuA==",
      "engines": {
        "node": ">=6"
      }
    },
    "node_modules/sound": {
      "version": "3.1.0",
      "resolved": "https://registry.npmjs.org/sound/-/sound-3.1.0.tgz",
      "integrity": "sha512-BmAYrlP8kJZYDsJJWWK/dzDC8IQFNfjVQR1upxh1BQb8hZLxb6c1Dd5AMCzSZzgh2cv+bImwSBbQ2GO/bY9qDg==",
      "dependencies": {
        "isemail": "^3.2.0",
        "lodash": "^4.17.21"
      }
    },
    "node_modules/use": {
      "version": "3.1.1",
      "resolved": "https://registry.npmjs.org/use/-/use-3.1.1.tgz",
      "integrity": "sha512-cwESVXlO3url9YWlFW/TA9cshCEhtu7IKJ/p5soJ/gGpj7vbvFrAY/eIioQ6Dw23KjZhYgiIo8HOs1nQ2vr/oQ==",
      "engines": {
        "node": ">=0.10.0"
      }
    }
  }
}
